
Microsoft Visual Studio Solution File, Format Version 12.00
# Visual Studio Version 16
VisualStudioVersion = 16.0.30611.23
MinimumVisualStudioVersion = 10.0.40219.1
Project("{FAE04EC0-301F-11D3-BF4B-00C04F79EFBC}") = "TacticalGroups", "TacticalGroups.csproj", "{B5FC1698-7E8D-4B4B-8C6A-C7B538E00F01}"
EndProject
Global
	GlobalSection(SolutionConfigurationPlatforms) = preSolution
		Debug|Any CPU = Debug|Any CPU
		Release|Any CPU = Release|Any CPU
	EndGlobalSection
	GlobalSection(ProjectConfigurationPlatforms) = postSolution
		{B5FC1698-7E8D-4B4B-8C6A-C7B538E00F01}.Debug|Any CPU.ActiveCfg = Debug|Any CPU
		{B5FC1698-7E8D-4B4B-8C6A-C7B538E00F01}.Debug|Any CPU.Build.0 = Debug|Any CPU
		{B5FC1698-7E8D-4B4B-8C6A-C7B538E00F01}.Release|Any CPU.ActiveCfg = Release|Any CPU
		{B5FC1698-7E8D-4B4B-8C6A-C7B538E00F01}.Release|Any CPU.Build.0 = Release|Any CPU
	EndGlobalSection
	GlobalSection(SolutionProperties) = preSolution
		HideSolutionNode = FALSE
	EndGlobalSection
	GlobalSection(ExtensibilityGlobals) = postSolution
		SolutionGuid = {AF52D9BC-E8A5-4F89-86B7-8A4C55F736AA}
	EndGlobalSection
EndGlobal
